
Microsoft Visual Studio Solution File, Format Version 12.00
# Visual Studio Version 17
VisualStudioVersion = 17.5.33516.290
MinimumVisualStudioVersion = 10.0.40219.1
Project("{9A19103F-16F7-4668-BE54-9A1E7A4F7556}") = "IoC_DIP_DI_Container_Demo", "IoC_DIP_DI_Demo\IoC_DIP_DI_Container_Demo.csproj", "{9B3D3C08-7932-4A16-AB67-32695BC597B0}"
EndProject
Project("{9A19103F-16F7-4668-BE54-9A1E7A4F7556}") = "Repository_UnitOfWork", "Repository_UnitOfWork\Repository_UnitOfWork.csproj", "{193A782F-B6D3-4618-A1DE-142E45BAFF60}"
EndProject
Project("{9A19103F-16F7-4668-BE54-9A1E7A4F7556}") = "MediatorDesignPattern", "MediatorDesignPattern\MediatorDesignPattern.csproj", "{635B3ECD-5AAF-4F90-A593-6FC8DA290874}"
EndProject
Project("{2150E333-8FDC-42A3-9474-1A3956D46DE8}") = "Solution Items", "Solution Items", "{DFF1690F-30B6-437B-A879-3998FD7A5C5E}"
EndProject
Global
	GlobalSection(SolutionConfigurationPlatforms) = preSolution
		Debug|Any CPU = Debug|Any CPU
		Release|Any CPU = Release|Any CPU
	EndGlobalSection
	GlobalSection(ProjectConfigurationPlatforms) = postSolution
		{9B3D3C08-7932-4A16-AB67-32695BC597B0}.Debug|Any CPU.ActiveCfg = Debug|Any CPU
		{9B3D3C08-7932-4A16-AB67-32695BC597B0}.Debug|Any CPU.Build.0 = Debug|Any CPU
		{9B3D3C08-7932-4A16-AB67-32695BC597B0}.Release|Any CPU.ActiveCfg = Release|Any CPU
		{9B3D3C08-7932-4A16-AB67-32695BC597B0}.Release|Any CPU.Build.0 = Release|Any CPU
		{193A782F-B6D3-4618-A1DE-142E45BAFF60}.Debug|Any CPU.ActiveCfg = Debug|Any CPU
		{193A782F-B6D3-4618-A1DE-142E45BAFF60}.Debug|Any CPU.Build.0 = Debug|Any CPU
		{193A782F-B6D3-4618-A1DE-142E45BAFF60}.Release|Any CPU.ActiveCfg = Release|Any CPU
		{193A782F-B6D3-4618-A1DE-142E45BAFF60}.Release|Any CPU.Build.0 = Release|Any CPU
		{635B3ECD-5AAF-4F90-A593-6FC8DA290874}.Debug|Any CPU.ActiveCfg = Debug|Any CPU
		{635B3ECD-5AAF-4F90-A593-6FC8DA290874}.Debug|Any CPU.Build.0 = Debug|Any CPU
		{635B3ECD-5AAF-4F90-A593-6FC8DA290874}.Release|Any CPU.ActiveCfg = Release|Any CPU
		{635B3ECD-5AAF-4F90-A593-6FC8DA290874}.Release|Any CPU.Build.0 = Release|Any CPU
	EndGlobalSection
	GlobalSection(SolutionProperties) = preSolution
		HideSolutionNode = FALSE
	EndGlobalSection
	GlobalSection(ExtensibilityGlobals) = postSolution
		SolutionGuid = {3C63A626-0264-41F9-A31F-9BF03B8E602F}
	EndGlobalSection
EndGlobal
